
Microsoft Visual Studio Solution File, Format Version 12.00
# Visual Studio Version 17
VisualStudioVersion = 17.4.33403.182
MinimumVisualStudioVersion = 10.0.40219.1
Project("{FAE04EC0-301F-11D3-BF4B-00C04F79EFBC}") = "1640WebApp", "1640WebApp\1640WebApp.csproj", "{AD62E7C8-3545-49A2-BAD8-564D882D15BB}"
EndProject
Global
	GlobalSection(SolutionConfigurationPlatforms) = preSolution
		Debug|Any CPU = Debug|Any CPU
		Release|Any CPU = Release|Any CPU
	EndGlobalSection
	GlobalSection(ProjectConfigurationPlatforms) = postSolution
		{AD62E7C8-3545-49A2-BAD8-564D882D15BB}.Debug|Any CPU.ActiveCfg = Debug|Any CPU
		{AD62E7C8-3545-49A2-BAD8-564D882D15BB}.Debug|Any CPU.Build.0 = Debug|Any CPU
		{AD62E7C8-3545-49A2-BAD8-564D882D15BB}.Release|Any CPU.ActiveCfg = Release|Any CPU
		{AD62E7C8-3545-49A2-BAD8-564D882D15BB}.Release|Any CPU.Build.0 = Release|Any CPU
	EndGlobalSection
	GlobalSection(SolutionProperties) = preSolution
		HideSolutionNode = FALSE
	EndGlobalSection
	GlobalSection(ExtensibilityGlobals) = postSolution
		SolutionGuid = {895F28EA-0DBD-4085-8759-3739CDB9E8DD}
	EndGlobalSection
EndGlobal
